
Microsoft Visual Studio Solution File, Format Version 12.00
# Visual Studio Version 16
VisualStudioVersion = 16.0.30621.155
MinimumVisualStudioVersion = 10.0.40219.1
Project("{FAE04EC0-301F-11D3-BF4B-00C04F79EFBC}") = "DeltaHRMS.build2", "DeltaHRMS.build2.csproj", "{87A9CD18-072D-43F0-B432-C5236B6D2EC3}"
EndProject
Global
	GlobalSection(SolutionConfigurationPlatforms) = preSolution
		Debug|Any CPU = Debug|Any CPU
		Release|Any CPU = Release|Any CPU
	EndGlobalSection
	GlobalSection(ProjectConfigurationPlatforms) = postSolution
		{87A9CD18-072D-43F0-B432-C5236B6D2EC3}.Debug|Any CPU.ActiveCfg = Debug|Any CPU
		{87A9CD18-072D-43F0-B432-C5236B6D2EC3}.Debug|Any CPU.Build.0 = Debug|Any CPU
		{87A9CD18-072D-43F0-B432-C5236B6D2EC3}.Release|Any CPU.ActiveCfg = Release|Any CPU
		{87A9CD18-072D-43F0-B432-C5236B6D2EC3}.Release|Any CPU.Build.0 = Release|Any CPU
	EndGlobalSection
	GlobalSection(SolutionProperties) = preSolution
		HideSolutionNode = FALSE
	EndGlobalSection
	GlobalSection(ExtensibilityGlobals) = postSolution
		SolutionGuid = {44A275D3-CEDA-472D-8725-B2BA4B9A62C7}
	EndGlobalSection
EndGlobal
